
Microsoft Visual Studio Solution File, Format Version 12.00
# Visual Studio 2012
Project("{FAE04EC0-301F-11D3-BF4B-00C04F79EFBC}") = "Elastacloud.FluentExamples", "Elastacloud.FluentExamples\Elastacloud.FluentExamples.csproj", "{2ACCFE36-B097-4658-90C0-79498BFF6EEA}"
EndProject
Project("{2150E333-8FDC-42A3-9474-1A3956D46DE8}") = ".nuget", ".nuget", "{F408B86D-3664-4887-BCF2-31821B7968F2}"
	ProjectSection(SolutionItems) = preProject
		.nuget\NuGet.Config = .nuget\NuGet.Config
		.nuget\NuGet.exe = .nuget\NuGet.exe
		.nuget\NuGet.targets = .nuget\NuGet.targets
	EndProjectSection
EndProject
Project("{CC5FD16D-436D-48AD-A40C-5A424C6E3E79}") = "TestCloudInstall", "TestCloudInstall\TestCloudInstall.ccproj", "{96ADE123-26D8-4308-AAB7-B3DD0CE08031}"
EndProject
Project("{FAE04EC0-301F-11D3-BF4B-00C04F79EFBC}") = "ExampleWebRole", "ExampleWebRole\ExampleWebRole.csproj", "{0FD09EB7-FBB3-481D-AF09-B9BD1251C75C}"
EndProject
Global
	GlobalSection(SolutionConfigurationPlatforms) = preSolution
		Debug|Any CPU = Debug|Any CPU
		Release|Any CPU = Release|Any CPU
	EndGlobalSection
	GlobalSection(ProjectConfigurationPlatforms) = postSolution
		{2ACCFE36-B097-4658-90C0-79498BFF6EEA}.Debug|Any CPU.ActiveCfg = Debug|Any CPU
		{2ACCFE36-B097-4658-90C0-79498BFF6EEA}.Debug|Any CPU.Build.0 = Debug|Any CPU
		{2ACCFE36-B097-4658-90C0-79498BFF6EEA}.Release|Any CPU.ActiveCfg = Release|Any CPU
		{2ACCFE36-B097-4658-90C0-79498BFF6EEA}.Release|Any CPU.Build.0 = Release|Any CPU
		{96ADE123-26D8-4308-AAB7-B3DD0CE08031}.Debug|Any CPU.ActiveCfg = Debug|Any CPU
		{96ADE123-26D8-4308-AAB7-B3DD0CE08031}.Debug|Any CPU.Build.0 = Debug|Any CPU
		{96ADE123-26D8-4308-AAB7-B3DD0CE08031}.Release|Any CPU.ActiveCfg = Release|Any CPU
		{96ADE123-26D8-4308-AAB7-B3DD0CE08031}.Release|Any CPU.Build.0 = Release|Any CPU
		{0FD09EB7-FBB3-481D-AF09-B9BD1251C75C}.Debug|Any CPU.ActiveCfg = Debug|Any CPU
		{0FD09EB7-FBB3-481D-AF09-B9BD1251C75C}.Debug|Any CPU.Build.0 = Debug|Any CPU
		{0FD09EB7-FBB3-481D-AF09-B9BD1251C75C}.Release|Any CPU.ActiveCfg = Release|Any CPU
		{0FD09EB7-FBB3-481D-AF09-B9BD1251C75C}.Release|Any CPU.Build.0 = Release|Any CPU
	EndGlobalSection
	GlobalSection(SolutionProperties) = preSolution
		HideSolutionNode = FALSE
	EndGlobalSection
EndGlobal
